
Microsoft Visual Studio Solution File, Format Version 10.00
# Visual Studio 2008
Project("{FAE04EC0-301F-11D3-BF4B-00C04F79EFBC}") = "Stock_V0", "Stock_V0\Stock_V0.csproj", "{991F7177-F253-425E-9136-FD1CE6F55649}"
EndProject
Project("{FAE04EC0-301F-11D3-BF4B-00C04F79EFBC}") = "Test", "Test\Test.csproj", "{2244759F-3F41-4B7D-8D87-970BAA2BDEFF}"
EndProject
Global
	GlobalSection(SolutionConfigurationPlatforms) = preSolution
		Debug|Any CPU = Debug|Any CPU
		Release|Any CPU = Release|Any CPU
	EndGlobalSection
	GlobalSection(ProjectConfigurationPlatforms) = postSolution
		{991F7177-F253-425E-9136-FD1CE6F55649}.Debug|Any CPU.ActiveCfg = Debug|Any CPU
		{991F7177-F253-425E-9136-FD1CE6F55649}.Debug|Any CPU.Build.0 = Debug|Any CPU
		{991F7177-F253-425E-9136-FD1CE6F55649}.Release|Any CPU.ActiveCfg = Release|Any CPU
		{991F7177-F253-425E-9136-FD1CE6F55649}.Release|Any CPU.Build.0 = Release|Any CPU
		{2244759F-3F41-4B7D-8D87-970BAA2BDEFF}.Debug|Any CPU.ActiveCfg = Debug|Any CPU
		{2244759F-3F41-4B7D-8D87-970BAA2BDEFF}.Debug|Any CPU.Build.0 = Debug|Any CPU
		{2244759F-3F41-4B7D-8D87-970BAA2BDEFF}.Release|Any CPU.ActiveCfg = Release|Any CPU
		{2244759F-3F41-4B7D-8D87-970BAA2BDEFF}.Release|Any CPU.Build.0 = Release|Any CPU
	EndGlobalSection
	GlobalSection(SolutionProperties) = preSolution
		HideSolutionNode = FALSE
	EndGlobalSection
EndGlobal
